// !$*UTF8*$!
{
	archiveVersion = 1;
	classes = {
	};
	objectVersion = 77;
	objects = {

/* Begin PBXContainerItemProxy section */
		74A7A1102DA2C8F9001189E0 /* PBXContainerItemProxy */ = {
			isa = PBXContainerItemProxy;
			containerPortal = 74A7A0F72DA2C8F6001189E0 /* Project object */;
			proxyType = 1;
			remoteGlobalIDString = 74A7A0FE2DA2C8F6001189E0;
			remoteInfo = SampleWebView;
		};
		74A7A11A2DA2C8F9001189E0 /* PBXContainerItemProxy */ = {
			isa = PBXContainerItemProxy;
			containerPortal = 74A7A0F72DA2C8F6001189E0 /* Project object */;
			proxyType = 1;
			remoteGlobalIDString = 74A7A0FE2DA2C8F6001189E0;
			remoteInfo = SampleWebView;
		};
/* End PBXContainerItemProxy section */

/* Begin PBXFileReference section */
		74A7A0FF2DA2C8F6001189E0 /* SampleWebView.app */ = {isa = PBXFileReference; explicitFileType = wrapper.application; includeInIndex = 0; path = SampleWebView.app; sourceTree = BUILT_PRODUCTS_DIR; };
		74A7A10F2DA2C8F9001189E0 /* SampleWebViewTests.xctest */ = {isa = PBXFileReference; explicitFileType = wrapper.cfbundle; includeInIndex = 0; path = SampleWebViewTests.xctest; sourceTree = BUILT_PRODUCTS_DIR; };
		74A7A1192DA2C8F9001189E0 /* SampleWebViewUITests.xctest */ = {isa = PBXFileReference; explicitFileType = wrapper.cfbundle; includeInIndex = 0; path = SampleWebViewUITests.xctest; sourceTree = BUILT_PRODUCTS_DIR; };
/* End PBXFileReference section */

/* Begin PBXFileSystemSynchronizedRootGroup section */
		74A7A1012DA2C8F6001189E0 /* SampleWebView */ = {
			isa = PBXFileSystemSynchronizedRootGroup;
			path = SampleWebView;
			sourceTree = "<group>";
		};
		74A7A1122DA2C8F9001189E0 /* SampleWebViewTests */ = {
			isa = PBXFileSystemSynchronizedRootGroup;
			path = SampleWebViewTests;
			sourceTree = "<group>";
		};
		74A7A11C2DA2C8F9001189E0 /* SampleWebViewUITests */ = {
			isa = PBXFileSystemSynchronizedRootGroup;
			path = SampleWebViewUITests;
			sourceTree = "<group>";
		};
/* End PBXFileSystemSynchronizedRootGroup section */

/* Begin PBXFrameworksBuildPhase section */
		74A7A0FC2DA2C8F6001189E0 /* Frameworks */ = {
			isa = PBXFrameworksBuildPhase;
			buildActionMask = 2147483647;
			files = (
			);
			runOnlyForDeploymentPostprocessing = 0;
		};
		74A7A10C2DA2C8F9001189E0 /* Frameworks */ = {
			isa = PBXFrameworksBuildPhase;
			buildActionMask = 2147483647;
			files = (
			);
			runOnlyForDeploymentPostprocessing = 0;
		};
		74A7A1162DA2C8F9001189E0 /* Frameworks */ = {
			isa = PBXFrameworksBuildPhase;
			buildActionMask = 2147483647;
			files = (
			);
			runOnlyForDeploymentPostprocessing = 0;
		};
/* End PBXFrameworksBuildPhase section */

/* Begin PBXGroup section */
		74A7A0F62DA2C8F6001189E0 = {
			isa = PBXGroup;
			children = (
				74A7A1012DA2C8F6001189E0 /* SampleWebView */,
				74A7A1122DA2C8F9001189E0 /* SampleWebViewTests */,
				74A7A11C2DA2C8F9001189E0 /* SampleWebViewUITests */,
				74A7A1002DA2C8F6001189E0 /* Products */,
			);
			sourceTree = "<group>";
		};
		74A7A1002DA2C8F6001189E0 /* Products */ = {
			isa = PBXGroup;
			children = (
				74A7A0FF2DA2C8F6001189E0 /* SampleWebView.app */,
				74A7A10F2DA2C8F9001189E0 /* SampleWebViewTests.xctest */,
				74A7A1192DA2C8F9001189E0 /* SampleWebViewUITests.xctest */,
			);
			name = Products;
			sourceTree = "<group>";
		};
/* End PBXGroup section */

/* Begin PBXNativeTarget section */
		74A7A0FE2DA2C8F6001189E0 /* SampleWebView */ = {
			isa = PBXNativeTarget;
			buildConfigurationList = 74A7A1232DA2C8F9001189E0 /* Build configuration list for PBXNativeTarget "SampleWebView" */;
			buildPhases = (
				74A7A0FB2DA2C8F6001189E0 /* Sources */,
				74A7A0FC2DA2C8F6001189E0 /* Frameworks */,
				74A7A0FD2DA2C8F6001189E0 /* Resources */,
			);
			buildRules = (
			);
			dependencies = (
			);
			fileSystemSynchronizedGroups = (
				74A7A1012DA2C8F6001189E0 /* SampleWebView */,
			);
			name = SampleWebView;
			packageProductDependencies = (
			);
			productName = SampleWebView;
			productReference = 74A7A0FF2DA2C8F6001189E0 /* SampleWebView.app */;
			productType = "com.apple.product-type.application";
		};
		74A7A10E2DA2C8F9001189E0 /* SampleWebViewTests */ = {
			isa = PBXNativeTarget;
			buildConfigurationList = 74A7A1262DA2C8F9001189E0 /* Build configuration list for PBXNativeTarget "SampleWebViewTests" */;
			buildPhases = (
				74A7A10B2DA2C8F9001189E0 /* Sources */,
				74A7A10C2DA2C8F9001189E0 /* Frameworks */,
				74A7A10D2DA2C8F9001189E0 /* Resources */,
			);
			buildRules = (
			);
			dependencies = (
				74A7A1112DA2C8F9001189E0 /* PBXTargetDependency */,
			);
			fileSystemSynchronizedGroups = (
				74A7A1122DA2C8F9001189E0 /* SampleWebViewTests */,
			);
			name = SampleWebViewTests;
			packageProductDependencies = (
			);
			productName = SampleWebViewTests;
			productReference = 74A7A10F2DA2C8F9001189E0 /* SampleWebViewTests.xctest */;
			productType = "com.apple.product-type.bundle.unit-test";
		};
		74A7A1182DA2C8F9001189E0 /* SampleWebViewUITests */ = {
			isa = PBXNativeTarget;
			buildConfigurationList = 74A7A1292DA2C8F9001189E0 /* Build configuration list for PBXNativeTarget "SampleWebViewUITests" */;
			buildPhases = (
				74A7A1152DA2C8F9001189E0 /* Sources */,
				74A7A1162DA2C8F9001189E0 /* Frameworks */,
				74A7A1172DA2C8F9001189E0 /* Resources */,
			);
			buildRules = (
			);
			dependencies = (
				74A7A11B2DA2C8F9001189E0 /* PBXTargetDependency */,
			);
			fileSystemSynchronizedGroups = (
				74A7A11C2DA2C8F9001189E0 /* SampleWebViewUITests */,
			);
			name = SampleWebViewUITests;
			packageProductDependencies = (
			);
			productName = SampleWebViewUITests;
			productReference = 74A7A1192DA2C8F9001189E0 /* SampleWebViewUITests.xctest */;
			productType = "com.apple.product-type.bundle.ui-testing";
		};
/* End PBXNativeTarget section */

/* Begin PBXProject section */
		74A7A0F72DA2C8F6001189E0 /* Project object */ = {
			isa = PBXProject;
			attributes = {
				BuildIndependentTargetsInParallel = 1;
				LastSwiftUpdateCheck = 1610;
				LastUpgradeCheck = 1610;
				TargetAttributes = {
					74A7A0FE2DA2C8F6001189E0 = {
						CreatedOnToolsVersion = 16.1;
					};
					74A7A10E2DA2C8F9001189E0 = {
						CreatedOnToolsVersion = 16.1;
						TestTargetID = 74A7A0FE2DA2C8F6001189E0;
					};
					74A7A1182DA2C8F9001189E0 = {
						CreatedOnToolsVersion = 16.1;
						TestTargetID = 74A7A0FE2DA2C8F6001189E0;
					};
				};
			};
			buildConfigurationList = 74A7A0FA2DA2C8F6001189E0 /* Build configuration list for PBXProject "SampleWebView" */;
			developmentRegion = en;
			hasScannedForEncodings = 0;
			knownRegions = (
				en,
				Base,
			);
			mainGroup = 74A7A0F62DA2C8F6001189E0;
			minimizedProjectReferenceProxies = 1;
			preferredProjectObjectVersion = 77;
			productRefGroup = 74A7A1002DA2C8F6001189E0 /* Products */;
			projectDirPath = "";
			projectRoot = "";
			targets = (
				74A7A0FE2DA2C8F6001189E0 /* SampleWebView */,
				74A7A10E2DA2C8F9001189E0 /* SampleWebViewTests */,
				74A7A1182DA2C8F9001189E0 /* SampleWebViewUITests */,
			);
		};
/* End PBXProject section */

/* Begin PBXResourcesBuildPhase section */
		74A7A0FD2DA2C8F6001189E0 /* Resources */ = {
			isa = PBXResourcesBuildPhase;
			buildActionMask = 2147483647;
			files = (
			);
			runOnlyForDeploymentPostprocessing = 0;
		};
		74A7A10D2DA2C8F9001189E0 /* Resources */ = {
			isa = PBXResourcesBuildPhase;
			buildActionMask = 2147483647;
			files = (
			);
			runOnlyForDeploymentPostprocessing = 0;
		};
		74A7A1172DA2C8F9001189E0 /* Resources */ = {
			isa = PBXResourcesBuildPhase;
			buildActionMask = 2147483647;
			files = (
			);
			runOnlyForDeploymentPostprocessing = 0;
		};
/* End PBXResourcesBuildPhase section */

/* Begin PBXSourcesBuildPhase section */
		74A7A0FB2DA2C8F6001189E0 /* Sources */ = {
			isa = PBXSourcesBuildPhase;
			buildActionMask = 2147483647;
			files = (
			);
			runOnlyForDeploymentPostprocessing = 0;
		};
		74A7A10B2DA2C8F9001189E0 /* Sources */ = {
			isa = PBXSourcesBuildPhase;
			buildActionMask = 2147483647;
			files = (
			);
			runOnlyForDeploymentPostprocessing = 0;
		};
		74A7A1152DA2C8F9001189E0 /* Sources */ = {
			isa = PBXSourcesBuildPhase;
			buildActionMask = 2147483647;
			files = (
			);
			runOnlyForDeploymentPostprocessing = 0;
		};
/* End PBXSourcesBuildPhase section */

/* Begin PBXTargetDependency section */
		74A7A1112DA2C8F9001189E0 /* PBXTargetDependency */ = {
			isa = PBXTargetDependency;
			target = 74A7A0FE2DA2C8F6001189E0 /* SampleWebView */;
			targetProxy = 74A7A1102DA2C8F9001189E0 /* PBXContainerItemProxy */;
		};
		74A7A11B2DA2C8F9001189E0 /* PBXTargetDependency */ = {
			isa = PBXTargetDependency;
			target = 74A7A0FE2DA2C8F6001189E0 /* SampleWebView */;
			targetProxy = 74A7A11A2DA2C8F9001189E0 /* PBXContainerItemProxy */;
		};
/* End PBXTargetDependency section */

/* Begin XCBuildConfiguration section */
		74A7A1212DA2C8F9001189E0 /* Debug */ = {
			isa = XCBuildConfiguration;
			buildSettings = {
				ALWAYS_SEARCH_USER_PATHS = NO;
				ASSETCATALOG_COMPILER_GENERATE_SWIFT_ASSET_SYMBOL_EXTENSIONS = YES;
				CLANG_ANALYZER_NONNULL = YES;
				CLANG_ANALYZER_NUMBER_OBJECT_CONVERSION = YES_AGGRESSIVE;
				CLANG_CXX_LANGUAGE_STANDARD = "gnu++20";
				CLANG_ENABLE_MODULES = YES;
				CLANG_ENABLE_OBJC_ARC = YES;
				CLANG_ENABLE_OBJC_WEAK = YES;
				CLANG_WARN_BLOCK_CAPTURE_AUTORELEASING = YES;
				CLANG_WARN_BOOL_CONVERSION = YES;
				CLANG_WARN_COMMA = YES;
				CLANG_WARN_CONSTANT_CONVERSION = YES;
				CLANG_WARN_DEPRECATED_OBJC_IMPLEMENTATIONS = YES;
				CLANG_WARN_DIRECT_OBJC_ISA_USAGE = YES_ERROR;
				CLANG_WARN_DOCUMENTATION_COMMENTS = YES;
				CLANG_WARN_EMPTY_BODY = YES;
				CLANG_WARN_ENUM_CONVERSION = YES;
				CLANG_WARN_INFINITE_RECURSION = YES;
				CLANG_WARN_INT_CONVERSION = YES;
				CLANG_WARN_NON_LITERAL_NULL_CONVERSION = YES;
				CLANG_WARN_OBJC_IMPLICIT_RETAIN_SELF = YES;
				CLANG_WARN_OBJC_LITERAL_CONVERSION = YES;
				CLANG_WARN_OBJC_ROOT_CLASS = YES_ERROR;
				CLANG_WARN_QUOTED_INCLUDE_IN_FRAMEWORK_HEADER = YES;
				CLANG_WARN_RANGE_LOOP_ANALYSIS = YES;
				CLANG_WARN_STRICT_PROTOTYPES = YES;
				CLANG_WARN_SUSPICIOUS_MOVE = YES;
				CLANG_WARN_UNGUARDED_AVAILABILITY = YES_AGGRESSIVE;
				CLANG_WARN_UNREACHABLE_CODE = YES;
				CLANG_WARN__DUPLICATE_METHOD_MATCH = YES;
				COPY_PHASE_STRIP = NO;
				DEBUG_INFORMATION_FORMAT = dwarf;
				ENABLE_STRICT_OBJC_MSGSEND = YES;
				ENABLE_TESTABILITY = YES;
				ENABLE_USER_SCRIPT_SANDBOXING = YES;
				GCC_C_LANGUAGE_STANDARD = gnu17;
				GCC_DYNAMIC_NO_PIC = NO;
				GCC_NO_COMMON_BLOCKS = YES;
				GCC_OPTIMIZATION_LEVEL = 0;
				GCC_PREPROCESSOR_DEFINITIONS = (
					"DEBUG=1",
					"$(inherited)",
				);
				GCC_WARN_64_TO_32_BIT_CONVERSION = YES;
				GCC_WARN_ABOUT_RETURN_TYPE = YES_ERROR;
				GCC_WARN_UNDECLARED_SELECTOR = YES;
				GCC_WARN_UNINITIALIZED_AUTOS = YES_AGGRESSIVE;
				GCC_WARN_UNUSED_FUNCTION = YES;
				GCC_WARN_UNUSED_VARIABLE = YES;
				IPHONEOS_DEPLOYMENT_TARGET = 18.1;
				LOCALIZATION_PREFERS_STRING_CATALOGS = YES;
				MTL_ENABLE_DEBUG_INFO = INCLUDE_SOURCE;
				MTL_FAST_MATH = YES;
				ONLY_ACTIVE_ARCH = YES;
				SDKROOT = iphoneos;
				SWIFT_ACTIVE_COMPILATION_CONDITIONS = "DEBUG $(inherited)";
				SWIFT_OPTIMIZATION_LEVEL = "-Onone";
			};
			name = Debug;
		};
		74A7A1222DA2C8F9001189E0 /* Release */ = {
			isa = XCBuildConfiguration;
			buildSettings = {
				ALWAYS_SEARCH_USER_PATHS = NO;
				ASSETCATALOG_COMPILER_GENERATE_SWIFT_ASSET_SYMBOL_EXTENSIONS = YES;
				CLANG_ANALYZER_NONNULL = YES;
				CLANG_ANALYZER_NUMBER_OBJECT_CONVERSION = YES_AGGRESSIVE;
				CLANG_CXX_LANGUAGE_STANDARD = "gnu++20";
				CLANG_ENABLE_MODULES = YES;
				CLANG_ENABLE_OBJC_ARC = YES;
				CLANG_ENABLE_OBJC_WEAK = YES;
				CLANG_WARN_BLOCK_CAPTURE_AUTORELEASING = YES;
				CLANG_WARN_BOOL_CONVERSION = YES;
				CLANG_WARN_COMMA = YES;
				CLANG_WARN_CONSTANT_CONVERSION = YES;
				CLANG_WARN_DEPRECATED_OBJC_IMPLEMENTATIONS = YES;
				CLANG_WARN_DIRECT_OBJC_ISA_USAGE = YES_ERROR;
				CLANG_WARN_DOCUMENTATION_COMMENTS = YES;
				CLANG_WARN_EMPTY_BODY = YES;
				CLANG_WARN_ENUM_CONVERSION = YES;
				CLANG_WARN_INFINITE_RECURSION = YES;
				CLANG_WARN_INT_CONVERSION = YES;
				CLANG_WARN_NON_LITERAL_NULL_CONVERSION = YES;
				CLANG_WARN_OBJC_IMPLICIT_RETAIN_SELF = YES;
				CLANG_WARN_OBJC_LITERAL_CONVERSION = YES;
				CLANG_WARN_OBJC_ROOT_CLASS = YES_ERROR;
				CLANG_WARN_QUOTED_INCLUDE_IN_FRAMEWORK_HEADER = YES;
				CLANG_WARN_RANGE_LOOP_ANALYSIS = YES;
				CLANG_WARN_STRICT_PROTOTYPES = YES;
				CLANG_WARN_SUSPICIOUS_MOVE = YES;
				CLANG_WARN_UNGUARDED_AVAILABILITY = YES_AGGRESSIVE;
				CLANG_WARN_UNREACHABLE_CODE = YES;
				CLANG_WARN__DUPLICATE_METHOD_MATCH = YES;
				COPY_PHASE_STRIP = NO;
				DEBUG_INFORMATION_FORMAT = "dwarf-with-dsym";
				ENABLE_NS_ASSERTIONS = NO;
				ENABLE_STRICT_OBJC_MSGSEND = YES;
				ENABLE_USER_SCRIPT_SANDBOXING = YES;
				GCC_C_LANGUAGE_STANDARD = gnu17;
				GCC_NO_COMMON_BLOCKS = YES;
				GCC_WARN_64_TO_32_BIT_CONVERSION = YES;
				GCC_WARN_ABOUT_RETURN_TYPE = YES_ERROR;
				GCC_WARN_UNDECLARED_SELECTOR = YES;
				GCC_WARN_UNINITIALIZED_AUTOS = YES_AGGRESSIVE;
				GCC_WARN_UNUSED_FUNCTION = YES;
				GCC_WARN_UNUSED_VARIABLE = YES;
				IPHONEOS_DEPLOYMENT_TARGET = 18.1;
				LOCALIZATION_PREFERS_STRING_CATALOGS = YES;
				MTL_ENABLE_DEBUG_INFO = NO;
				MTL_FAST_MATH = YES;
				SDKROOT = iphoneos;
				SWIFT_COMPILATION_MODE = wholemodule;
				VALIDATE_PRODUCT = YES;
			};
			name = Release;
		};
		74A7A1242DA2C8F9001189E0 /* Debug */ = {
			isa = XCBuildConfiguration;
			buildSettings = {
				ASSETCATALOG_COMPILER_APPICON_NAME = AppIcon;
				ASSETCATALOG_COMPILER_GLOBAL_ACCENT_COLOR_NAME = AccentColor;
				CODE_SIGN_STYLE = Automatic;
				CURRENT_PROJECT_VERSION = 1;
				DEVELOPMENT_ASSET_PATHS = "\"SampleWebView/Preview Content\"";
				ENABLE_PREVIEWS = YES;
				GENERATE_INFOPLIST_FILE = YES;
				INFOPLIST_KEY_UIApplicationSceneManifest_Generation = YES;
				INFOPLIST_KEY_UIApplicationSupportsIndirectInputEvents = YES;
				INFOPLIST_KEY_UILaunchScreen_Generation = YES;
				INFOPLIST_KEY_UISupportedInterfaceOrientations_iPad = "UIInterfaceOrientationPortrait UIInterfaceOrientationPortraitUpsideDown UIInterfaceOrientationLandscapeLeft UIInterfaceOrientationLandscapeRight";
				INFOPLIST_KEY_UISupportedInterfaceOrientations_iPhone = "UIInterfaceOrientationPortrait UIInterfaceOrientationLandscapeLeft UIInterfaceOrientationLandscapeRight";
				LD_RUNPATH_SEARCH_PATHS = (
					"$(inherited)",
					"@executable_path/Frameworks",
				);
				MARKETING_VERSION = 1.0;
				PRODUCT_BUNDLE_IDENTIFIER = com.test.SampleWebView;
				PRODUCT_NAME = "$(TARGET_NAME)";
				SWIFT_EMIT_LOC_STRINGS = YES;
				SWIFT_VERSION = 5.0;
				TARGETED_DEVICE_FAMILY = "1,2";
			};
			name = Debug;
		};
		74A7A1252DA2C8F9001189E0 /* Release */ = {
			isa = XCBuildConfiguration;
			buildSettings = {
				ASSETCATALOG_COMPILER_APPICON_NAME = AppIcon;
				ASSETCATALOG_COMPILER_GLOBAL_ACCENT_COLOR_NAME = AccentColor;
				CODE_SIGN_STYLE = Automatic;
				CURRENT_PROJECT_VERSION = 1;
				DEVELOPMENT_ASSET_PATHS = "\"SampleWebView/Preview Content\"";
				ENABLE_PREVIEWS = YES;
				GENERATE_INFOPLIST_FILE = YES;
				INFOPLIST_KEY_UIApplicationSceneManifest_Generation = YES;
				INFOPLIST_KEY_UIApplicationSupportsIndirectInputEvents = YES;
				INFOPLIST_KEY_UILaunchScreen_Generation = YES;
				INFOPLIST_KEY_UISupportedInterfaceOrientations_iPad = "UIInterfaceOrientationPortrait UIInterfaceOrientationPortraitUpsideDown UIInterfaceOrientationLandscapeLeft UIInterfaceOrientationLandscapeRight";
				INFOPLIST_KEY_UISupportedInterfaceOrientations_iPhone = "UIInterfaceOrientationPortrait UIInterfaceOrientationLandscapeLeft UIInterfaceOrientationLandscapeRight";
				LD_RUNPATH_SEARCH_PATHS = (
					"$(inherited)",
					"@executable_path/Frameworks",
				);
				MARKETING_VERSION = 1.0;
				PRODUCT_BUNDLE_IDENTIFIER = com.test.SampleWebView;
				PRODUCT_NAME = "$(TARGET_NAME)";
				SWIFT_EMIT_LOC_STRINGS = YES;
				SWIFT_VERSION = 5.0;
				TARGETED_DEVICE_FAMILY = "1,2";
			};
			name = Release;
		};
		74A7A1272DA2C8F9001189E0 /* Debug */ = {
			isa = XCBuildConfiguration;
			buildSettings = {
				BUNDLE_LOADER = "$(TEST_HOST)";
				CODE_SIGN_STYLE = Automatic;
				CURRENT_PROJECT_VERSION = 1;
				GENERATE_INFOPLIST_FILE = YES;
				IPHONEOS_DEPLOYMENT_TARGET = 18.1;
				MARKETING_VERSION = 1.0;
				PRODUCT_BUNDLE_IDENTIFIER = com.test.SampleWebViewTests;
				PRODUCT_NAME = "$(TARGET_NAME)";
				SWIFT_EMIT_LOC_STRINGS = NO;
				SWIFT_VERSION = 5.0;
				TARGETED_DEVICE_FAMILY = "1,2";
				TEST_HOST = "$(BUILT_PRODUCTS_DIR)/SampleWebView.app/$(BUNDLE_EXECUTABLE_FOLDER_PATH)/SampleWebView";
			};
			name = Debug;
		};
		74A7A1282DA2C8F9001189E0 /* Release */ = {
			isa = XCBuildConfiguration;
			buildSettings = {
				BUNDLE_LOADER = "$(TEST_HOST)";
				CODE_SIGN_STYLE = Automatic;
				CURRENT_PROJECT_VERSION = 1;
				GENERATE_INFOPLIST_FILE = YES;
				IPHONEOS_DEPLOYMENT_TARGET = 18.1;
				MARKETING_VERSION = 1.0;
				PRODUCT_BUNDLE_IDENTIFIER = com.test.SampleWebViewTests;
				PRODUCT_NAME = "$(TARGET_NAME)";
				SWIFT_EMIT_LOC_STRINGS = NO;
				SWIFT_VERSION = 5.0;
				TARGETED_DEVICE_FAMILY = "1,2";
				TEST_HOST = "$(BUILT_PRODUCTS_DIR)/SampleWebView.app/$(BUNDLE_EXECUTABLE_FOLDER_PATH)/SampleWebView";
			};
			name = Release;
		};
		74A7A12A2DA2C8F9001189E0 /* Debug */ = {
			isa = XCBuildConfiguration;
			buildSettings = {
				CODE_SIGN_STYLE = Automatic;
				CURRENT_PROJECT_VERSION = 1;
				GENERATE_INFOPLIST_FILE = YES;
				MARKETING_VERSION = 1.0;
				PRODUCT_BUNDLE_IDENTIFIER = com.test.SampleWebViewUITests;
				PRODUCT_NAME = "$(TARGET_NAME)";
				SWIFT_EMIT_LOC_STRINGS = NO;
				SWIFT_VERSION = 5.0;
				TARGETED_DEVICE_FAMILY = "1,2";
				TEST_TARGET_NAME = SampleWebView;
			};
			name = Debug;
		};
		74A7A12B2DA2C8F9001189E0 /* Release */ = {
			isa = XCBuildConfiguration;
			buildSettings = {
				CODE_SIGN_STYLE = Automatic;
				CURRENT_PROJECT_VERSION = 1;
				GENERATE_INFOPLIST_FILE = YES;
				MARKETING_VERSION = 1.0;
				PRODUCT_BUNDLE_IDENTIFIER = com.test.SampleWebViewUITests;
				PRODUCT_NAME = "$(TARGET_NAME)";
				SWIFT_EMIT_LOC_STRINGS = NO;
				SWIFT_VERSION = 5.0;
				TARGETED_DEVICE_FAMILY = "1,2";
				TEST_TARGET_NAME = SampleWebView;
			};
			name = Release;
		};
/* End XCBuildConfiguration section */

/* Begin XCConfigurationList section */
		74A7A0FA2DA2C8F6001189E0 /* Build configuration list for PBXProject "SampleWebView" */ = {
			isa = XCConfigurationList;
			buildConfigurations = (
				74A7A1212DA2C8F9001189E0 /* Debug */,
				74A7A1222DA2C8F9001189E0 /* Release */,
			);
			defaultConfigurationIsVisible = 0;
			defaultConfigurationName = Release;
		};
		74A7A1232DA2C8F9001189E0 /* Build configuration list for PBXNativeTarget "SampleWebView" */ = {
			isa = XCConfigurationList;
			buildConfigurations = (
				74A7A1242DA2C8F9001189E0 /* Debug */,
				74A7A1252DA2C8F9001189E0 /* Release */,
			);
			defaultConfigurationIsVisible = 0;
			defaultConfigurationName = Release;
		};
		74A7A1262DA2C8F9001189E0 /* Build configuration list for PBXNativeTarget "SampleWebViewTests" */ = {
			isa = XCConfigurationList;
			buildConfigurations = (
				74A7A1272DA2C8F9001189E0 /* Debug */,
				74A7A1282DA2C8F9001189E0 /* Release */,
			);
			defaultConfigurationIsVisible = 0;
			defaultConfigurationName = Release;
		};
		74A7A1292DA2C8F9001189E0 /* Build configuration list for PBXNativeTarget "SampleWebViewUITests" */ = {
			isa = XCConfigurationList;
			buildConfigurations = (
				74A7A12A2DA2C8F9001189E0 /* Debug */,
				74A7A12B2DA2C8F9001189E0 /* Release */,
			);
			defaultConfigurationIsVisible = 0;
			defaultConfigurationName = Release;
		};
/* End XCConfigurationList section */
	};
	rootObject = 74A7A0F72DA2C8F6001189E0 /* Project object */;
}
